// !$*UTF8*$!
{
	archiveVersion = 1;
	classes = {
	};
	objectVersion = 56;
	objects = {

/* Begin PBXBuildFile section */
		451BDD8F2C919C2400A34328 /* MainScreenView.swift in Sources */ = {isa = PBXBuildFile; fileRef = 451BDD8E2C919C2400A34328 /* MainScreenView.swift */; };
		4535C7EB2C998B2A00533DCE /* LaunchScreen.swift in Sources */ = {isa = PBXBuildFile; fileRef = 4535C7EA2C998B2A00533DCE /* LaunchScreen.swift */; };
		456D8AF42C94109B000096CC /* MapsPointView.swift in Sources */ = {isa = PBXBuildFile; fileRef = 456D8AF32C94109B000096CC /* MapsPointView.swift */; };
		456D8AFA2C941712000096CC /* BottomSheetContentView.swift in Sources */ = {isa = PBXBuildFile; fileRef = 456D8AF92C941712000096CC /* BottomSheetContentView.swift */; };
		456D8B002C941F22000096CC /* PopupView in Frameworks */ = {isa = PBXBuildFile; productRef = 456D8AFF2C941F22000096CC /* PopupView */; };
		45743B1C2C92C357004C90A3 /* ProfileView.swift in Sources */ = {isa = PBXBuildFile; fileRef = 45743B1B2C92C357004C90A3 /* ProfileView.swift */; };
		45743B1F2C92C400004C90A3 /* FeedbackView.swift in Sources */ = {isa = PBXBuildFile; fileRef = 45743B1E2C92C400004C90A3 /* FeedbackView.swift */; };
		45743B222C92C50C004C90A3 /* CustomTextField in Frameworks */ = {isa = PBXBuildFile; productRef = 45743B212C92C50C004C90A3 /* CustomTextField */; };
		45D26CBF2C91694900417A0B /* BeenEarthApp.swift in Sources */ = {isa = PBXBuildFile; fileRef = 45D26CBE2C91694900417A0B /* BeenEarthApp.swift */; };
		45D26CC12C91694900417A0B /* WelcomeBoardView.swift in Sources */ = {isa = PBXBuildFile; fileRef = 45D26CC02C91694900417A0B /* WelcomeBoardView.swift */; };
		45D26CC32C91694B00417A0B /* Assets.xcassets in Resources */ = {isa = PBXBuildFile; fileRef = 45D26CC22C91694B00417A0B /* Assets.xcassets */; };
		45D26CC62C91694B00417A0B /* Preview Assets.xcassets in Resources */ = {isa = PBXBuildFile; fileRef = 45D26CC52C91694B00417A0B /* Preview Assets.xcassets */; };
		45D26CD32C916D7800417A0B /* Launch Screen.storyboard in Resources */ = {isa = PBXBuildFile; fileRef = 45D26CD22C916D7700417A0B /* Launch Screen.storyboard */; };
		45D26CD62C91718900417A0B /* Color+Extenstions.swift in Sources */ = {isa = PBXBuildFile; fileRef = 45D26CD52C91718900417A0B /* Color+Extenstions.swift */; };
		45D26CD92C9173FC00417A0B /* NotifyScreen.swift in Sources */ = {isa = PBXBuildFile; fileRef = 45D26CD82C9173FC00417A0B /* NotifyScreen.swift */; };
/* End PBXBuildFile section */

/* Begin PBXFileReference section */
		451BDD8E2C919C2400A34328 /* MainScreenView.swift */ = {isa = PBXFileReference; lastKnownFileType = sourcecode.swift; path = MainScreenView.swift; sourceTree = "<group>"; };
		4535C7EA2C998B2A00533DCE /* LaunchScreen.swift */ = {isa = PBXFileReference; lastKnownFileType = sourcecode.swift; path = LaunchScreen.swift; sourceTree = "<group>"; };
		456D8AF32C94109B000096CC /* MapsPointView.swift */ = {isa = PBXFileReference; lastKnownFileType = sourcecode.swift; path = MapsPointView.swift; sourceTree = "<group>"; };
		456D8AF92C941712000096CC /* BottomSheetContentView.swift */ = {isa = PBXFileReference; lastKnownFileType = sourcecode.swift; path = BottomSheetContentView.swift; sourceTree = "<group>"; };
		45743B1B2C92C357004C90A3 /* ProfileView.swift */ = {isa = PBXFileReference; lastKnownFileType = sourcecode.swift; path = ProfileView.swift; sourceTree = "<group>"; };
		45743B1E2C92C400004C90A3 /* FeedbackView.swift */ = {isa = PBXFileReference; lastKnownFileType = sourcecode.swift; path = FeedbackView.swift; sourceTree = "<group>"; };
		45D26CBB2C91694900417A0B /* BeenEarth.app */ = {isa = PBXFileReference; explicitFileType = wrapper.application; includeInIndex = 0; path = BeenEarth.app; sourceTree = BUILT_PRODUCTS_DIR; };
		45D26CBE2C91694900417A0B /* BeenEarthApp.swift */ = {isa = PBXFileReference; lastKnownFileType = sourcecode.swift; path = BeenEarthApp.swift; sourceTree = "<group>"; };
		45D26CC02C91694900417A0B /* WelcomeBoardView.swift */ = {isa = PBXFileReference; lastKnownFileType = sourcecode.swift; path = WelcomeBoardView.swift; sourceTree = "<group>"; };
		45D26CC22C91694B00417A0B /* Assets.xcassets */ = {isa = PBXFileReference; lastKnownFileType = folder.assetcatalog; path = Assets.xcassets; sourceTree = "<group>"; };
		45D26CC52C91694B00417A0B /* Preview Assets.xcassets */ = {isa = PBXFileReference; lastKnownFileType = folder.assetcatalog; path = "Preview Assets.xcassets"; sourceTree = "<group>"; };
		45D26CD22C916D7700417A0B /* Launch Screen.storyboard */ = {isa = PBXFileReference; lastKnownFileType = file.storyboard; path = "Launch Screen.storyboard"; sourceTree = "<group>"; };
		45D26CD52C91718900417A0B /* Color+Extenstions.swift */ = {isa = PBXFileReference; lastKnownFileType = sourcecode.swift; path = "Color+Extenstions.swift"; sourceTree = "<group>"; };
		45D26CD82C9173FC00417A0B /* NotifyScreen.swift */ = {isa = PBXFileReference; lastKnownFileType = sourcecode.swift; path = NotifyScreen.swift; sourceTree = "<group>"; };
/* End PBXFileReference section */

/* Begin PBXFrameworksBuildPhase section */
		45D26CB82C91694900417A0B /* Frameworks */ = {
			isa = PBXFrameworksBuildPhase;
			buildActionMask = 2147483647;
			files = (
				456D8B002C941F22000096CC /* PopupView in Frameworks */,
				45743B222C92C50C004C90A3 /* CustomTextField in Frameworks */,
			);
			runOnlyForDeploymentPostprocessing = 0;
		};
/* End PBXFrameworksBuildPhase section */

/* Begin PBXGroup section */
		4535C7E92C998B1E00533DCE /* LaunchScreen */ = {
			isa = PBXGroup;
			children = (
				4535C7EA2C998B2A00533DCE /* LaunchScreen.swift */,
			);
			path = LaunchScreen;
			sourceTree = "<group>";
		};
		456D8AF22C94108F000096CC /* MapsPointView */ = {
			isa = PBXGroup;
			children = (
				456D8AF32C94109B000096CC /* MapsPointView.swift */,
			);
			path = MapsPointView;
			sourceTree = "<group>";
		};
		456D8AF82C941706000096CC /* BottomSheetMapsStyleView */ = {
			isa = PBXGroup;
			children = (
				456D8AF92C941712000096CC /* BottomSheetContentView.swift */,
			);
			path = BottomSheetMapsStyleView;
			sourceTree = "<group>";
		};
		45743B1A2C92C34D004C90A3 /* ProfileView */ = {
			isa = PBXGroup;
			children = (
				45743B1B2C92C357004C90A3 /* ProfileView.swift */,
			);
			path = ProfileView;
			sourceTree = "<group>";
		};
		45743B1D2C92C3F9004C90A3 /* FeedbackView */ = {
			isa = PBXGroup;
			children = (
				45743B1E2C92C400004C90A3 /* FeedbackView.swift */,
			);
			path = FeedbackView;
			sourceTree = "<group>";
		};
		45D26CB22C91694900417A0B = {
			isa = PBXGroup;
			children = (
				45D26CBD2C91694900417A0B /* BeenEarth */,
				45D26CBC2C91694900417A0B /* Products */,
			);
			sourceTree = "<group>";
		};
		45D26CBC2C91694900417A0B /* Products */ = {
			isa = PBXGroup;
			children = (
				45D26CBB2C91694900417A0B /* BeenEarth.app */,
			);
			name = Products;
			sourceTree = "<group>";
		};
		45D26CBD2C91694900417A0B /* BeenEarth */ = {
			isa = PBXGroup;
			children = (
				45D26CCC2C91696500417A0B /* App */,
				45D26CC22C91694B00417A0B /* Assets.xcassets */,
				45D26CC42C91694B00417A0B /* Preview Content */,
			);
			path = BeenEarth;
			sourceTree = "<group>";
		};
		45D26CC42C91694B00417A0B /* Preview Content */ = {
			isa = PBXGroup;
			children = (
				45D26CC52C91694B00417A0B /* Preview Assets.xcassets */,
			);
			path = "Preview Content";
			sourceTree = "<group>";
		};
		45D26CCC2C91696500417A0B /* App */ = {
			isa = PBXGroup;
			children = (
				45D26CBE2C91694900417A0B /* BeenEarthApp.swift */,
				45D26CD42C91717900417A0B /* Extenstions */,
				45D26CCF2C91698000417A0B /* Models */,
				45D26CCD2C91697400417A0B /* Views */,
				45D26CD22C916D7700417A0B /* Launch Screen.storyboard */,
			);
			path = App;
			sourceTree = "<group>";
		};
		45D26CCD2C91697400417A0B /* Views */ = {
			isa = PBXGroup;
			children = (
				4535C7E92C998B1E00533DCE /* LaunchScreen */,
				456D8AF82C941706000096CC /* BottomSheetMapsStyleView */,
				45D26CD72C9173F100417A0B /* NotifyScreen */,
				45D26CD12C91699900417A0B /* WelcomeBoardView */,
				45D26CD02C91699000417A0B /* Main */,
			);
			path = Views;
			sourceTree = "<group>";
		};
		45D26CCF2C91698000417A0B /* Models */ = {
			isa = PBXGroup;
			children = (
			);
			path = Models;
			sourceTree = "<group>";
		};
		45D26CD02C91699000417A0B /* Main */ = {
			isa = PBXGroup;
			children = (
				456D8AF22C94108F000096CC /* MapsPointView */,
				45743B1D2C92C3F9004C90A3 /* FeedbackView */,
				45743B1A2C92C34D004C90A3 /* ProfileView */,
				451BDD8E2C919C2400A34328 /* MainScreenView.swift */,
			);
			path = Main;
			sourceTree = "<group>";
		};
		45D26CD12C91699900417A0B /* WelcomeBoardView */ = {
			isa = PBXGroup;
			children = (
				45D26CC02C91694900417A0B /* WelcomeBoardView.swift */,
			);
			path = WelcomeBoardView;
			sourceTree = "<group>";
		};
		45D26CD42C91717900417A0B /* Extenstions */ = {
			isa = PBXGroup;
			children = (
				45D26CD52C91718900417A0B /* Color+Extenstions.swift */,
			);
			path = Extenstions;
			sourceTree = "<group>";
		};
		45D26CD72C9173F100417A0B /* NotifyScreen */ = {
			isa = PBXGroup;
			children = (
				45D26CD82C9173FC00417A0B /* NotifyScreen.swift */,
			);
			path = NotifyScreen;
			sourceTree = "<group>";
		};
/* End PBXGroup section */

/* Begin PBXNativeTarget section */
		45D26CBA2C91694900417A0B /* BeenEarth */ = {
			isa = PBXNativeTarget;
			buildConfigurationList = 45D26CC92C91694B00417A0B /* Build configuration list for PBXNativeTarget "BeenEarth" */;
			buildPhases = (
				45D26CB72C91694900417A0B /* Sources */,
				45D26CB82C91694900417A0B /* Frameworks */,
				45D26CB92C91694900417A0B /* Resources */,
			);
			buildRules = (
			);
			dependencies = (
			);
			name = BeenEarth;
			packageProductDependencies = (
				45743B212C92C50C004C90A3 /* CustomTextField */,
				456D8AFF2C941F22000096CC /* PopupView */,
			);
			productName = BeenEarth;
			productReference = 45D26CBB2C91694900417A0B /* BeenEarth.app */;
			productType = "com.apple.product-type.application";
		};
/* End PBXNativeTarget section */

/* Begin PBXProject section */
		45D26CB32C91694900417A0B /* Project object */ = {
			isa = PBXProject;
			attributes = {
				BuildIndependentTargetsInParallel = 1;
				LastSwiftUpdateCheck = 1540;
				LastUpgradeCheck = 1540;
				TargetAttributes = {
					45D26CBA2C91694900417A0B = {
						CreatedOnToolsVersion = 15.4;
					};
				};
			};
			buildConfigurationList = 45D26CB62C91694900417A0B /* Build configuration list for PBXProject "BeenEarth" */;
			compatibilityVersion = "Xcode 14.0";
			developmentRegion = en;
			hasScannedForEncodings = 0;
			knownRegions = (
				en,
				Base,
			);
			mainGroup = 45D26CB22C91694900417A0B;
			packageReferences = (
				45743B202C92C50C004C90A3 /* XCRemoteSwiftPackageReference "SwiftUI-Custom-TextField" */,
				456D8AFE2C941F22000096CC /* XCRemoteSwiftPackageReference "PopupView" */,
			);
			productRefGroup = 45D26CBC2C91694900417A0B /* Products */;
			projectDirPath = "";
			projectRoot = "";
			targets = (
				45D26CBA2C91694900417A0B /* BeenEarth */,
			);
		};
/* End PBXProject section */

/* Begin PBXResourcesBuildPhase section */
		45D26CB92C91694900417A0B /* Resources */ = {
			isa = PBXResourcesBuildPhase;
			buildActionMask = 2147483647;
			files = (
				45D26CD32C916D7800417A0B /* Launch Screen.storyboard in Resources */,
				45D26CC62C91694B00417A0B /* Preview Assets.xcassets in Resources */,
				45D26CC32C91694B00417A0B /* Assets.xcassets in Resources */,
			);
			runOnlyForDeploymentPostprocessing = 0;
		};
/* End PBXResourcesBuildPhase section */

/* Begin PBXSourcesBuildPhase section */
		45D26CB72C91694900417A0B /* Sources */ = {
			isa = PBXSourcesBuildPhase;
			buildActionMask = 2147483647;
			files = (
				45743B1F2C92C400004C90A3 /* FeedbackView.swift in Sources */,
				45D26CC12C91694900417A0B /* WelcomeBoardView.swift in Sources */,
				4535C7EB2C998B2A00533DCE /* LaunchScreen.swift in Sources */,
				456D8AFA2C941712000096CC /* BottomSheetContentView.swift in Sources */,
				451BDD8F2C919C2400A34328 /* MainScreenView.swift in Sources */,
				45D26CD62C91718900417A0B /* Color+Extenstions.swift in Sources */,
				456D8AF42C94109B000096CC /* MapsPointView.swift in Sources */,
				45D26CD92C9173FC00417A0B /* NotifyScreen.swift in Sources */,
				45743B1C2C92C357004C90A3 /* ProfileView.swift in Sources */,
				45D26CBF2C91694900417A0B /* BeenEarthApp.swift in Sources */,
			);
			runOnlyForDeploymentPostprocessing = 0;
		};
/* End PBXSourcesBuildPhase section */

/* Begin XCBuildConfiguration section */
		45D26CC72C91694B00417A0B /* Debug */ = {
			isa = XCBuildConfiguration;
			buildSettings = {
				ALWAYS_SEARCH_USER_PATHS = NO;
				ASSETCATALOG_COMPILER_GENERATE_SWIFT_ASSET_SYMBOL_EXTENSIONS = YES;
				CLANG_ANALYZER_NONNULL = YES;
				CLANG_ANALYZER_NUMBER_OBJECT_CONVERSION = YES_AGGRESSIVE;
				CLANG_CXX_LANGUAGE_STANDARD = "gnu++20";
				CLANG_ENABLE_MODULES = YES;
				CLANG_ENABLE_OBJC_ARC = YES;
				CLANG_ENABLE_OBJC_WEAK = YES;
				CLANG_WARN_BLOCK_CAPTURE_AUTORELEASING = YES;
				CLANG_WARN_BOOL_CONVERSION = YES;
				CLANG_WARN_COMMA = YES;
				CLANG_WARN_CONSTANT_CONVERSION = YES;
				CLANG_WARN_DEPRECATED_OBJC_IMPLEMENTATIONS = YES;
				CLANG_WARN_DIRECT_OBJC_ISA_USAGE = YES_ERROR;
				CLANG_WARN_DOCUMENTATION_COMMENTS = YES;
				CLANG_WARN_EMPTY_BODY = YES;
				CLANG_WARN_ENUM_CONVERSION = YES;
				CLANG_WARN_INFINITE_RECURSION = YES;
				CLANG_WARN_INT_CONVERSION = YES;
				CLANG_WARN_NON_LITERAL_NULL_CONVERSION = YES;
				CLANG_WARN_OBJC_IMPLICIT_RETAIN_SELF = YES;
				CLANG_WARN_OBJC_LITERAL_CONVERSION = YES;
				CLANG_WARN_OBJC_ROOT_CLASS = YES_ERROR;
				CLANG_WARN_QUOTED_INCLUDE_IN_FRAMEWORK_HEADER = YES;
				CLANG_WARN_RANGE_LOOP_ANALYSIS = YES;
				CLANG_WARN_STRICT_PROTOTYPES = YES;
				CLANG_WARN_SUSPICIOUS_MOVE = YES;
				CLANG_WARN_UNGUARDED_AVAILABILITY = YES_AGGRESSIVE;
				CLANG_WARN_UNREACHABLE_CODE = YES;
				CLANG_WARN__DUPLICATE_METHOD_MATCH = YES;
				COPY_PHASE_STRIP = NO;
				DEBUG_INFORMATION_FORMAT = dwarf;
				ENABLE_STRICT_OBJC_MSGSEND = YES;
				ENABLE_TESTABILITY = YES;
				ENABLE_USER_SCRIPT_SANDBOXING = YES;
				GCC_C_LANGUAGE_STANDARD = gnu17;
				GCC_DYNAMIC_NO_PIC = NO;
				GCC_NO_COMMON_BLOCKS = YES;
				GCC_OPTIMIZATION_LEVEL = 0;
				GCC_PREPROCESSOR_DEFINITIONS = (
					"DEBUG=1",
					"$(inherited)",
				);
				GCC_WARN_64_TO_32_BIT_CONVERSION = YES;
				GCC_WARN_ABOUT_RETURN_TYPE = YES_ERROR;
				GCC_WARN_UNDECLARED_SELECTOR = YES;
				GCC_WARN_UNINITIALIZED_AUTOS = YES_AGGRESSIVE;
				GCC_WARN_UNUSED_FUNCTION = YES;
				GCC_WARN_UNUSED_VARIABLE = YES;
				IPHONEOS_DEPLOYMENT_TARGET = 15.0;
				LOCALIZATION_PREFERS_STRING_CATALOGS = YES;
				MTL_ENABLE_DEBUG_INFO = INCLUDE_SOURCE;
				MTL_FAST_MATH = YES;
				ONLY_ACTIVE_ARCH = YES;
				SDKROOT = iphoneos;
				SWIFT_ACTIVE_COMPILATION_CONDITIONS = "DEBUG $(inherited)";
				SWIFT_OPTIMIZATION_LEVEL = "-Onone";
			};
			name = Debug;
		};
		45D26CC82C91694B00417A0B /* Release */ = {
			isa = XCBuildConfiguration;
			buildSettings = {
				ALWAYS_SEARCH_USER_PATHS = NO;
				ASSETCATALOG_COMPILER_GENERATE_SWIFT_ASSET_SYMBOL_EXTENSIONS = YES;
				CLANG_ANALYZER_NONNULL = YES;
				CLANG_ANALYZER_NUMBER_OBJECT_CONVERSION = YES_AGGRESSIVE;
				CLANG_CXX_LANGUAGE_STANDARD = "gnu++20";
				CLANG_ENABLE_MODULES = YES;
				CLANG_ENABLE_OBJC_ARC = YES;
				CLANG_ENABLE_OBJC_WEAK = YES;
				CLANG_WARN_BLOCK_CAPTURE_AUTORELEASING = YES;
				CLANG_WARN_BOOL_CONVERSION = YES;
				CLANG_WARN_COMMA = YES;
				CLANG_WARN_CONSTANT_CONVERSION = YES;
				CLANG_WARN_DEPRECATED_OBJC_IMPLEMENTATIONS = YES;
				CLANG_WARN_DIRECT_OBJC_ISA_USAGE = YES_ERROR;
				CLANG_WARN_DOCUMENTATION_COMMENTS = YES;
				CLANG_WARN_EMPTY_BODY = YES;
				CLANG_WARN_ENUM_CONVERSION = YES;
				CLANG_WARN_INFINITE_RECURSION = YES;
				CLANG_WARN_INT_CONVERSION = YES;
				CLANG_WARN_NON_LITERAL_NULL_CONVERSION = YES;
				CLANG_WARN_OBJC_IMPLICIT_RETAIN_SELF = YES;
				CLANG_WARN_OBJC_LITERAL_CONVERSION = YES;
				CLANG_WARN_OBJC_ROOT_CLASS = YES_ERROR;
				CLANG_WARN_QUOTED_INCLUDE_IN_FRAMEWORK_HEADER = YES;
				CLANG_WARN_RANGE_LOOP_ANALYSIS = YES;
				CLANG_WARN_STRICT_PROTOTYPES = YES;
				CLANG_WARN_SUSPICIOUS_MOVE = YES;
				CLANG_WARN_UNGUARDED_AVAILABILITY = YES_AGGRESSIVE;
				CLANG_WARN_UNREACHABLE_CODE = YES;
				CLANG_WARN__DUPLICATE_METHOD_MATCH = YES;
				COPY_PHASE_STRIP = NO;
				DEBUG_INFORMATION_FORMAT = "dwarf-with-dsym";
				ENABLE_NS_ASSERTIONS = NO;
				ENABLE_STRICT_OBJC_MSGSEND = YES;
				ENABLE_USER_SCRIPT_SANDBOXING = YES;
				GCC_C_LANGUAGE_STANDARD = gnu17;
				GCC_NO_COMMON_BLOCKS = YES;
				GCC_WARN_64_TO_32_BIT_CONVERSION = YES;
				GCC_WARN_ABOUT_RETURN_TYPE = YES_ERROR;
				GCC_WARN_UNDECLARED_SELECTOR = YES;
				GCC_WARN_UNINITIALIZED_AUTOS = YES_AGGRESSIVE;
				GCC_WARN_UNUSED_FUNCTION = YES;
				GCC_WARN_UNUSED_VARIABLE = YES;
				IPHONEOS_DEPLOYMENT_TARGET = 15.0;
				LOCALIZATION_PREFERS_STRING_CATALOGS = YES;
				MTL_ENABLE_DEBUG_INFO = NO;
				MTL_FAST_MATH = YES;
				SDKROOT = iphoneos;
				SWIFT_COMPILATION_MODE = wholemodule;
				VALIDATE_PRODUCT = YES;
			};
			name = Release;
		};
		45D26CCA2C91694B00417A0B /* Debug */ = {
			isa = XCBuildConfiguration;
			buildSettings = {
				ASSETCATALOG_COMPILER_APPICON_NAME = AppIcon;
				ASSETCATALOG_COMPILER_GLOBAL_ACCENT_COLOR_NAME = AccentColor;
				CODE_SIGN_STYLE = Automatic;
				CURRENT_PROJECT_VERSION = 1;
				DEVELOPMENT_ASSET_PATHS = "\"BeenEarth/Preview Content\"";
				DEVELOPMENT_TEAM = L6QZ8MR9Z8;
				ENABLE_PREVIEWS = YES;
				GENERATE_INFOPLIST_FILE = YES;
				INFOPLIST_KEY_CFBundleDisplayName = "Been Earth 3D";
				INFOPLIST_KEY_UIApplicationSceneManifest_Generation = YES;
				INFOPLIST_KEY_UIApplicationSupportsIndirectInputEvents = YES;
				INFOPLIST_KEY_UILaunchScreen_Generation = YES;
				INFOPLIST_KEY_UILaunchStoryboardName = "Launch Screen.storyboard";
				INFOPLIST_KEY_UISupportedInterfaceOrientations = UIInterfaceOrientationPortrait;
				INFOPLIST_KEY_UISupportedInterfaceOrientations_iPad = "UIInterfaceOrientationPortrait UIInterfaceOrientationPortraitUpsideDown";
				IPHONEOS_DEPLOYMENT_TARGET = 15.0;
				LD_RUNPATH_SEARCH_PATHS = (
					"$(inherited)",
					"@executable_path/Frameworks",
				);
				MARKETING_VERSION = 1.0;
				PRODUCT_BUNDLE_IDENTIFIER = beeneath.BeenEarth;
				PRODUCT_NAME = "$(TARGET_NAME)";
				SUPPORTED_PLATFORMS = "iphoneos iphonesimulator";
				SUPPORTS_MACCATALYST = NO;
				SUPPORTS_MAC_DESIGNED_FOR_IPHONE_IPAD = NO;
				SUPPORTS_XR_DESIGNED_FOR_IPHONE_IPAD = NO;
				SWIFT_EMIT_LOC_STRINGS = YES;
				SWIFT_VERSION = 5.0;
				TARGETED_DEVICE_FAMILY = "1,2";
			};
			name = Debug;
		};
		45D26CCB2C91694B00417A0B /* Release */ = {
			isa = XCBuildConfiguration;
			buildSettings = {
				ASSETCATALOG_COMPILER_APPICON_NAME = AppIcon;
				ASSETCATALOG_COMPILER_GLOBAL_ACCENT_COLOR_NAME = AccentColor;
				CODE_SIGN_STYLE = Automatic;
				CURRENT_PROJECT_VERSION = 1;
				DEVELOPMENT_ASSET_PATHS = "\"BeenEarth/Preview Content\"";
				DEVELOPMENT_TEAM = L6QZ8MR9Z8;
				ENABLE_PREVIEWS = YES;
				GENERATE_INFOPLIST_FILE = YES;
				INFOPLIST_KEY_CFBundleDisplayName = "Been Earth 3D";
				INFOPLIST_KEY_UIApplicationSceneManifest_Generation = YES;
				INFOPLIST_KEY_UIApplicationSupportsIndirectInputEvents = YES;
				INFOPLIST_KEY_UILaunchScreen_Generation = YES;
				INFOPLIST_KEY_UILaunchStoryboardName = "Launch Screen.storyboard";
				INFOPLIST_KEY_UISupportedInterfaceOrientations = UIInterfaceOrientationPortrait;
				INFOPLIST_KEY_UISupportedInterfaceOrientations_iPad = "UIInterfaceOrientationPortrait UIInterfaceOrientationPortraitUpsideDown";
				IPHONEOS_DEPLOYMENT_TARGET = 15.0;
				LD_RUNPATH_SEARCH_PATHS = (
					"$(inherited)",
					"@executable_path/Frameworks",
				);
				MARKETING_VERSION = 1.0;
				PRODUCT_BUNDLE_IDENTIFIER = beeneath.BeenEarth;
				PRODUCT_NAME = "$(TARGET_NAME)";
				SUPPORTED_PLATFORMS = "iphoneos iphonesimulator";
				SUPPORTS_MACCATALYST = NO;
				SUPPORTS_MAC_DESIGNED_FOR_IPHONE_IPAD = NO;
				SUPPORTS_XR_DESIGNED_FOR_IPHONE_IPAD = NO;
				SWIFT_EMIT_LOC_STRINGS = YES;
				SWIFT_VERSION = 5.0;
				TARGETED_DEVICE_FAMILY = "1,2";
			};
			name = Release;
		};
/* End XCBuildConfiguration section */

/* Begin XCConfigurationList section */
		45D26CB62C91694900417A0B /* Build configuration list for PBXProject "BeenEarth" */ = {
			isa = XCConfigurationList;
			buildConfigurations = (
				45D26CC72C91694B00417A0B /* Debug */,
				45D26CC82C91694B00417A0B /* Release */,
			);
			defaultConfigurationIsVisible = 0;
			defaultConfigurationName = Release;
		};
		45D26CC92C91694B00417A0B /* Build configuration list for PBXNativeTarget "BeenEarth" */ = {
			isa = XCConfigurationList;
			buildConfigurations = (
				45D26CCA2C91694B00417A0B /* Debug */,
				45D26CCB2C91694B00417A0B /* Release */,
			);
			defaultConfigurationIsVisible = 0;
			defaultConfigurationName = Release;
		};
/* End XCConfigurationList section */

/* Begin XCRemoteSwiftPackageReference section */
		456D8AFE2C941F22000096CC /* XCRemoteSwiftPackageReference "PopupView" */ = {
			isa = XCRemoteSwiftPackageReference;
			repositoryURL = "https://github.com/exyte/PopupView.git";
			requirement = {
				kind = upToNextMajorVersion;
				minimumVersion = 3.1.0;
			};
		};
		45743B202C92C50C004C90A3 /* XCRemoteSwiftPackageReference "SwiftUI-Custom-TextField" */ = {
			isa = XCRemoteSwiftPackageReference;
			repositoryURL = "https://github.com/esatgozcu/SwiftUI-Custom-TextField";
			requirement = {
				branch = main;
				kind = branch;
			};
		};
/* End XCRemoteSwiftPackageReference section */

/* Begin XCSwiftPackageProductDependency section */
		456D8AFF2C941F22000096CC /* PopupView */ = {
			isa = XCSwiftPackageProductDependency;
			package = 456D8AFE2C941F22000096CC /* XCRemoteSwiftPackageReference "PopupView" */;
			productName = PopupView;
		};
		45743B212C92C50C004C90A3 /* CustomTextField */ = {
			isa = XCSwiftPackageProductDependency;
			package = 45743B202C92C50C004C90A3 /* XCRemoteSwiftPackageReference "SwiftUI-Custom-TextField" */;
			productName = CustomTextField;
		};
/* End XCSwiftPackageProductDependency section */
	};
	rootObject = 45D26CB32C91694900417A0B /* Project object */;
}
